
Microsoft Visual Studio Solution File, Format Version 12.00
Project("{FAE04EC0-301F-11D3-BF4B-00C04F79EFBC}") = "ChildAllowanceManager", "ChildAllowanceManager\ChildAllowanceManager.csproj", "{22C91735-A608-43C8-8446-4BABE78808D3}"
EndProject
Project("{FAE04EC0-301F-11D3-BF4B-00C04F79EFBC}") = "ChildAllowanceManager.Common", "ChildAllowanceManager.Common\ChildAllowanceManager.Common.csproj", "{5998504A-D8CB-4969-B903-EE789537D7AD}"
EndProject
Project("{FAE04EC0-301F-11D3-BF4B-00C04F79EFBC}") = "ChildAllowanceManager.Data.PostgreSQL", "ChildAllowanceManager.Data.PostgreSQL\ChildAllowanceManager.Data.PostgreSQL.csproj", "{C65CA285-1026-4F47-AF7C-2FF288B4AD24}"
EndProject
Project("{FAE04EC0-301F-11D3-BF4B-00C04F79EFBC}") = "ChildAllowanceManager.AppHost", "ChildAllowanceManager.AppHost\ChildAllowanceManager.AppHost.csproj", "{74B5B4D4-69A0-4A13-A6B1-3219A18FFA21}"
EndProject
Project("{FAE04EC0-301F-11D3-BF4B-00C04F79EFBC}") = "ChildAllowanceManager.ServiceDefaults", "ChildAllowanceManager.ServiceDefaults\ChildAllowanceManager.ServiceDefaults.csproj", "{30B36B11-E4CC-4CE7-8E21-DC55009B1453}"
EndProject
Global
	GlobalSection(SolutionConfigurationPlatforms) = preSolution
		Debug|Any CPU = Debug|Any CPU
		Debug|x64 = Debug|x64
		Debug|x86 = Debug|x86
		Release|Any CPU = Release|Any CPU
		Release|x64 = Release|x64
		Release|x86 = Release|x86
	EndGlobalSection
	GlobalSection(ProjectConfigurationPlatforms) = postSolution
		{22C91735-A608-43C8-8446-4BABE78808D3}.Debug|Any CPU.ActiveCfg = Debug|Any CPU
		{22C91735-A608-43C8-8446-4BABE78808D3}.Debug|Any CPU.Build.0 = Debug|Any CPU
		{22C91735-A608-43C8-8446-4BABE78808D3}.Debug|x64.ActiveCfg = Debug|Any CPU
		{22C91735-A608-43C8-8446-4BABE78808D3}.Debug|x64.Build.0 = Debug|Any CPU
		{22C91735-A608-43C8-8446-4BABE78808D3}.Debug|x86.ActiveCfg = Debug|Any CPU
		{22C91735-A608-43C8-8446-4BABE78808D3}.Debug|x86.Build.0 = Debug|Any CPU
		{22C91735-A608-43C8-8446-4BABE78808D3}.Release|Any CPU.ActiveCfg = Release|Any CPU
		{22C91735-A608-43C8-8446-4BABE78808D3}.Release|Any CPU.Build.0 = Release|Any CPU
		{22C91735-A608-43C8-8446-4BABE78808D3}.Release|x64.ActiveCfg = Release|Any CPU
		{22C91735-A608-43C8-8446-4BABE78808D3}.Release|x64.Build.0 = Release|Any CPU
		{22C91735-A608-43C8-8446-4BABE78808D3}.Release|x86.ActiveCfg = Release|Any CPU
		{22C91735-A608-43C8-8446-4BABE78808D3}.Release|x86.Build.0 = Release|Any CPU
		{5998504A-D8CB-4969-B903-EE789537D7AD}.Debug|Any CPU.ActiveCfg = Debug|Any CPU
		{5998504A-D8CB-4969-B903-EE789537D7AD}.Debug|Any CPU.Build.0 = Debug|Any CPU
		{5998504A-D8CB-4969-B903-EE789537D7AD}.Debug|x64.ActiveCfg = Debug|Any CPU
		{5998504A-D8CB-4969-B903-EE789537D7AD}.Debug|x64.Build.0 = Debug|Any CPU
		{5998504A-D8CB-4969-B903-EE789537D7AD}.Debug|x86.ActiveCfg = Debug|Any CPU
		{5998504A-D8CB-4969-B903-EE789537D7AD}.Debug|x86.Build.0 = Debug|Any CPU
		{5998504A-D8CB-4969-B903-EE789537D7AD}.Release|Any CPU.ActiveCfg = Release|Any CPU
		{5998504A-D8CB-4969-B903-EE789537D7AD}.Release|Any CPU.Build.0 = Release|Any CPU
		{5998504A-D8CB-4969-B903-EE789537D7AD}.Release|x64.ActiveCfg = Release|Any CPU
		{5998504A-D8CB-4969-B903-EE789537D7AD}.Release|x64.Build.0 = Release|Any CPU
		{5998504A-D8CB-4969-B903-EE789537D7AD}.Release|x86.ActiveCfg = Release|Any CPU
		{5998504A-D8CB-4969-B903-EE789537D7AD}.Release|x86.Build.0 = Release|Any CPU
		{C65CA285-1026-4F47-AF7C-2FF288B4AD24}.Debug|Any CPU.ActiveCfg = Debug|Any CPU
		{C65CA285-1026-4F47-AF7C-2FF288B4AD24}.Debug|Any CPU.Build.0 = Debug|Any CPU
		{C65CA285-1026-4F47-AF7C-2FF288B4AD24}.Debug|x64.ActiveCfg = Debug|Any CPU
		{C65CA285-1026-4F47-AF7C-2FF288B4AD24}.Debug|x64.Build.0 = Debug|Any CPU
		{C65CA285-1026-4F47-AF7C-2FF288B4AD24}.Debug|x86.ActiveCfg = Debug|Any CPU
		{C65CA285-1026-4F47-AF7C-2FF288B4AD24}.Debug|x86.Build.0 = Debug|Any CPU
		{C65CA285-1026-4F47-AF7C-2FF288B4AD24}.Release|Any CPU.ActiveCfg = Release|Any CPU
		{C65CA285-1026-4F47-AF7C-2FF288B4AD24}.Release|Any CPU.Build.0 = Release|Any CPU
		{C65CA285-1026-4F47-AF7C-2FF288B4AD24}.Release|x64.ActiveCfg = Release|Any CPU
		{C65CA285-1026-4F47-AF7C-2FF288B4AD24}.Release|x64.Build.0 = Release|Any CPU
		{C65CA285-1026-4F47-AF7C-2FF288B4AD24}.Release|x86.ActiveCfg = Release|Any CPU
		{C65CA285-1026-4F47-AF7C-2FF288B4AD24}.Release|x86.Build.0 = Release|Any CPU
		{74B5B4D4-69A0-4A13-A6B1-3219A18FFA21}.Debug|Any CPU.ActiveCfg = Debug|Any CPU
		{74B5B4D4-69A0-4A13-A6B1-3219A18FFA21}.Debug|Any CPU.Build.0 = Debug|Any CPU
		{74B5B4D4-69A0-4A13-A6B1-3219A18FFA21}.Debug|x64.ActiveCfg = Debug|Any CPU
		{74B5B4D4-69A0-4A13-A6B1-3219A18FFA21}.Debug|x64.Build.0 = Debug|Any CPU
		{74B5B4D4-69A0-4A13-A6B1-3219A18FFA21}.Debug|x86.ActiveCfg = Debug|Any CPU
		{74B5B4D4-69A0-4A13-A6B1-3219A18FFA21}.Debug|x86.Build.0 = Debug|Any CPU
		{74B5B4D4-69A0-4A13-A6B1-3219A18FFA21}.Release|Any CPU.ActiveCfg = Release|Any CPU
		{74B5B4D4-69A0-4A13-A6B1-3219A18FFA21}.Release|Any CPU.Build.0 = Release|Any CPU
		{74B5B4D4-69A0-4A13-A6B1-3219A18FFA21}.Release|x64.ActiveCfg = Release|Any CPU
		{74B5B4D4-69A0-4A13-A6B1-3219A18FFA21}.Release|x64.Build.0 = Release|Any CPU
		{74B5B4D4-69A0-4A13-A6B1-3219A18FFA21}.Release|x86.ActiveCfg = Release|Any CPU
		{74B5B4D4-69A0-4A13-A6B1-3219A18FFA21}.Release|x86.Build.0 = Release|Any CPU
		{30B36B11-E4CC-4CE7-8E21-DC55009B1453}.Debug|Any CPU.ActiveCfg = Debug|Any CPU
		{30B36B11-E4CC-4CE7-8E21-DC55009B1453}.Debug|Any CPU.Build.0 = Debug|Any CPU
		{30B36B11-E4CC-4CE7-8E21-DC55009B1453}.Debug|x64.ActiveCfg = Debug|Any CPU
		{30B36B11-E4CC-4CE7-8E21-DC55009B1453}.Debug|x64.Build.0 = Debug|Any CPU
		{30B36B11-E4CC-4CE7-8E21-DC55009B1453}.Debug|x86.ActiveCfg = Debug|Any CPU
		{30B36B11-E4CC-4CE7-8E21-DC55009B1453}.Debug|x86.Build.0 = Debug|Any CPU
		{30B36B11-E4CC-4CE7-8E21-DC55009B1453}.Release|Any CPU.ActiveCfg = Release|Any CPU
		{30B36B11-E4CC-4CE7-8E21-DC55009B1453}.Release|Any CPU.Build.0 = Release|Any CPU
		{30B36B11-E4CC-4CE7-8E21-DC55009B1453}.Release|x64.ActiveCfg = Release|Any CPU
		{30B36B11-E4CC-4CE7-8E21-DC55009B1453}.Release|x64.Build.0 = Release|Any CPU
		{30B36B11-E4CC-4CE7-8E21-DC55009B1453}.Release|x86.ActiveCfg = Release|Any CPU
		{30B36B11-E4CC-4CE7-8E21-DC55009B1453}.Release|x86.Build.0 = Release|Any CPU
	EndGlobalSection
	GlobalSection(SolutionProperties) = preSolution
		HideSolutionNode = FALSE
	EndGlobalSection
EndGlobal
